// !$*UTF8*$!
{
	archiveVersion = 1;
	classes = {
	};
	objectVersion = 55;
	objects = {

/* Begin PBXBuildFile section */
		80AEEAEC27F5D8F6004989BF /* AppDelegate.swift in Sources */ = {isa = PBXBuildFile; fileRef = 80AEEAEB27F5D8F6004989BF /* AppDelegate.swift */; };
		80AEEAEE27F5D8F6004989BF /* SceneDelegate.swift in Sources */ = {isa = PBXBuildFile; fileRef = 80AEEAED27F5D8F6004989BF /* SceneDelegate.swift */; };
		80AEEAF027F5D8F6004989BF /* ViewController.swift in Sources */ = {isa = PBXBuildFile; fileRef = 80AEEAEF27F5D8F6004989BF /* ViewController.swift */; };
		80AEEAF327F5D8F6004989BF /* Main.storyboard in Resources */ = {isa = PBXBuildFile; fileRef = 80AEEAF127F5D8F6004989BF /* Main.storyboard */; };
		80AEEAF527F5D8F8004989BF /* Assets.xcassets in Resources */ = {isa = PBXBuildFile; fileRef = 80AEEAF427F5D8F8004989BF /* Assets.xcassets */; };
		80AEEAF827F5D8F8004989BF /* LaunchScreen.storyboard in Resources */ = {isa = PBXBuildFile; fileRef = 80AEEAF627F5D8F8004989BF /* LaunchScreen.storyboard */; };
/* End PBXBuildFile section */

/* Begin PBXFileReference section */
		80AEEAE827F5D8F6004989BF /* PollfishIronSourceAdapterExampleSwift.app */ = {isa = PBXFileReference; explicitFileType = wrapper.application; includeInIndex = 0; path = PollfishIronSourceAdapterExampleSwift.app; sourceTree = BUILT_PRODUCTS_DIR; };
		80AEEAEB27F5D8F6004989BF /* AppDelegate.swift */ = {isa = PBXFileReference; lastKnownFileType = sourcecode.swift; path = AppDelegate.swift; sourceTree = "<group>"; };
		80AEEAED27F5D8F6004989BF /* SceneDelegate.swift */ = {isa = PBXFileReference; lastKnownFileType = sourcecode.swift; path = SceneDelegate.swift; sourceTree = "<group>"; };
		80AEEAEF27F5D8F6004989BF /* ViewController.swift */ = {isa = PBXFileReference; lastKnownFileType = sourcecode.swift; path = ViewController.swift; sourceTree = "<group>"; };
		80AEEAF227F5D8F6004989BF /* Base */ = {isa = PBXFileReference; lastKnownFileType = file.storyboard; name = Base; path = Base.lproj/Main.storyboard; sourceTree = "<group>"; };
		80AEEAF427F5D8F8004989BF /* Assets.xcassets */ = {isa = PBXFileReference; lastKnownFileType = folder.assetcatalog; path = Assets.xcassets; sourceTree = "<group>"; };
		80AEEAF727F5D8F8004989BF /* Base */ = {isa = PBXFileReference; lastKnownFileType = file.storyboard; name = Base; path = Base.lproj/LaunchScreen.storyboard; sourceTree = "<group>"; };
		80AEEAF927F5D8F8004989BF /* Info.plist */ = {isa = PBXFileReference; lastKnownFileType = text.plist.xml; path = Info.plist; sourceTree = "<group>"; };
/* End PBXFileReference section */

/* Begin PBXFrameworksBuildPhase section */
		80AEEAE527F5D8F6004989BF /* Frameworks */ = {
			isa = PBXFrameworksBuildPhase;
			buildActionMask = 2147483647;
			files = (
			);
			runOnlyForDeploymentPostprocessing = 0;
		};
/* End PBXFrameworksBuildPhase section */

/* Begin PBXGroup section */
		383CE11D32A19D9769A77EE3 /* Pods */ = {
			isa = PBXGroup;
			children = (
			);
			path = Pods;
			sourceTree = "<group>";
		};
		80AEEADF27F5D8F6004989BF = {
			isa = PBXGroup;
			children = (
				80AEEAEA27F5D8F6004989BF /* PollfishIronSourceAdapterExampleSwift */,
				80AEEAE927F5D8F6004989BF /* Products */,
				383CE11D32A19D9769A77EE3 /* Pods */,
			);
			sourceTree = "<group>";
		};
		80AEEAE927F5D8F6004989BF /* Products */ = {
			isa = PBXGroup;
			children = (
				80AEEAE827F5D8F6004989BF /* PollfishIronSourceAdapterExampleSwift.app */,
			);
			name = Products;
			sourceTree = "<group>";
		};
		80AEEAEA27F5D8F6004989BF /* PollfishIronSourceAdapterExampleSwift */ = {
			isa = PBXGroup;
			children = (
				80AEEAEB27F5D8F6004989BF /* AppDelegate.swift */,
				80AEEAED27F5D8F6004989BF /* SceneDelegate.swift */,
				80AEEAEF27F5D8F6004989BF /* ViewController.swift */,
				80AEEAF127F5D8F6004989BF /* Main.storyboard */,
				80AEEAF427F5D8F8004989BF /* Assets.xcassets */,
				80AEEAF627F5D8F8004989BF /* LaunchScreen.storyboard */,
				80AEEAF927F5D8F8004989BF /* Info.plist */,
			);
			path = PollfishIronSourceAdapterExampleSwift;
			sourceTree = "<group>";
		};
/* End PBXGroup section */

/* Begin PBXNativeTarget section */
		80AEEAE727F5D8F6004989BF /* PollfishIronSourceAdapterExampleSwift */ = {
			isa = PBXNativeTarget;
			buildConfigurationList = 80AEEAFC27F5D8F8004989BF /* Build configuration list for PBXNativeTarget "PollfishIronSourceAdapterExampleSwift" */;
			buildPhases = (
				80AEEAE427F5D8F6004989BF /* Sources */,
				80AEEAE527F5D8F6004989BF /* Frameworks */,
				80AEEAE627F5D8F6004989BF /* Resources */,
			);
			buildRules = (
			);
			dependencies = (
			);
			name = PollfishIronSourceAdapterExampleSwift;
			productName = PollfishIronSourceAdapterExampleSwift;
			productReference = 80AEEAE827F5D8F6004989BF /* PollfishIronSourceAdapterExampleSwift.app */;
			productType = "com.apple.product-type.application";
		};
/* End PBXNativeTarget section */

/* Begin PBXProject section */
		80AEEAE027F5D8F6004989BF /* Project object */ = {
			isa = PBXProject;
			attributes = {
				BuildIndependentTargetsInParallel = 1;
				LastSwiftUpdateCheck = 1330;
				LastUpgradeCheck = 1330;
				TargetAttributes = {
					80AEEAE727F5D8F6004989BF = {
						CreatedOnToolsVersion = 13.3;
					};
				};
			};
			buildConfigurationList = 80AEEAE327F5D8F6004989BF /* Build configuration list for PBXProject "PollfishIronSourceAdapterExampleSwift" */;
			compatibilityVersion = "Xcode 13.0";
			developmentRegion = en;
			hasScannedForEncodings = 0;
			knownRegions = (
				en,
				Base,
			);
			mainGroup = 80AEEADF27F5D8F6004989BF;
			productRefGroup = 80AEEAE927F5D8F6004989BF /* Products */;
			projectDirPath = "";
			projectRoot = "";
			targets = (
				80AEEAE727F5D8F6004989BF /* PollfishIronSourceAdapterExampleSwift */,
			);
		};
/* End PBXProject section */

/* Begin PBXResourcesBuildPhase section */
		80AEEAE627F5D8F6004989BF /* Resources */ = {
			isa = PBXResourcesBuildPhase;
			buildActionMask = 2147483647;
			files = (
				80AEEAF827F5D8F8004989BF /* LaunchScreen.storyboard in Resources */,
				80AEEAF527F5D8F8004989BF /* Assets.xcassets in Resources */,
				80AEEAF327F5D8F6004989BF /* Main.storyboard in Resources */,
			);
			runOnlyForDeploymentPostprocessing = 0;
		};
/* End PBXResourcesBuildPhase section */

/* Begin PBXSourcesBuildPhase section */
		80AEEAE427F5D8F6004989BF /* Sources */ = {
			isa = PBXSourcesBuildPhase;
			buildActionMask = 2147483647;
			files = (
				80AEEAF027F5D8F6004989BF /* ViewController.swift in Sources */,
				80AEEAEC27F5D8F6004989BF /* AppDelegate.swift in Sources */,
				80AEEAEE27F5D8F6004989BF /* SceneDelegate.swift in Sources */,
			);
			runOnlyForDeploymentPostprocessing = 0;
		};
/* End PBXSourcesBuildPhase section */

/* Begin PBXVariantGroup section */
		80AEEAF127F5D8F6004989BF /* Main.storyboard */ = {
			isa = PBXVariantGroup;
			children = (
				80AEEAF227F5D8F6004989BF /* Base */,
			);
			name = Main.storyboard;
			sourceTree = "<group>";
		};
		80AEEAF627F5D8F8004989BF /* LaunchScreen.storyboard */ = {
			isa = PBXVariantGroup;
			children = (
				80AEEAF727F5D8F8004989BF /* Base */,
			);
			name = LaunchScreen.storyboard;
			sourceTree = "<group>";
		};
/* End PBXVariantGroup section */

/* Begin XCBuildConfiguration section */
		80AEEAFA27F5D8F8004989BF /* Debug */ = {
			isa = XCBuildConfiguration;
			buildSettings = {
				ALWAYS_SEARCH_USER_PATHS = NO;
				CLANG_ANALYZER_NONNULL = YES;
				CLANG_ANALYZER_NUMBER_OBJECT_CONVERSION = YES_AGGRESSIVE;
				CLANG_CXX_LANGUAGE_STANDARD = "gnu++17";
				CLANG_ENABLE_MODULES = YES;
				CLANG_ENABLE_OBJC_ARC = YES;
				CLANG_ENABLE_OBJC_WEAK = YES;
				CLANG_WARN_BLOCK_CAPTURE_AUTORELEASING = YES;
				CLANG_WARN_BOOL_CONVERSION = YES;
				CLANG_WARN_COMMA = YES;
				CLANG_WARN_CONSTANT_CONVERSION = YES;
				CLANG_WARN_DEPRECATED_OBJC_IMPLEMENTATIONS = YES;
				CLANG_WARN_DIRECT_OBJC_ISA_USAGE = YES_ERROR;
				CLANG_WARN_DOCUMENTATION_COMMENTS = YES;
				CLANG_WARN_EMPTY_BODY = YES;
				CLANG_WARN_ENUM_CONVERSION = YES;
				CLANG_WARN_INFINITE_RECURSION = YES;
				CLANG_WARN_INT_CONVERSION = YES;
				CLANG_WARN_NON_LITERAL_NULL_CONVERSION = YES;
				CLANG_WARN_OBJC_IMPLICIT_RETAIN_SELF = YES;
				CLANG_WARN_OBJC_LITERAL_CONVERSION = YES;
				CLANG_WARN_OBJC_ROOT_CLASS = YES_ERROR;
				CLANG_WARN_QUOTED_INCLUDE_IN_FRAMEWORK_HEADER = YES;
				CLANG_WARN_RANGE_LOOP_ANALYSIS = YES;
				CLANG_WARN_STRICT_PROTOTYPES = YES;
				CLANG_WARN_SUSPICIOUS_MOVE = YES;
				CLANG_WARN_UNGUARDED_AVAILABILITY = YES_AGGRESSIVE;
				CLANG_WARN_UNREACHABLE_CODE = YES;
				CLANG_WARN__DUPLICATE_METHOD_MATCH = YES;
				COPY_PHASE_STRIP = NO;
				DEBUG_INFORMATION_FORMAT = dwarf;
				ENABLE_STRICT_OBJC_MSGSEND = YES;
				ENABLE_TESTABILITY = YES;
				GCC_C_LANGUAGE_STANDARD = gnu11;
				GCC_DYNAMIC_NO_PIC = NO;
				GCC_NO_COMMON_BLOCKS = YES;
				GCC_OPTIMIZATION_LEVEL = 0;
				GCC_PREPROCESSOR_DEFINITIONS = (
					"DEBUG=1",
					"$(inherited)",
				);
				GCC_WARN_64_TO_32_BIT_CONVERSION = YES;
				GCC_WARN_ABOUT_RETURN_TYPE = YES_ERROR;
				GCC_WARN_UNDECLARED_SELECTOR = YES;
				GCC_WARN_UNINITIALIZED_AUTOS = YES_AGGRESSIVE;
				GCC_WARN_UNUSED_FUNCTION = YES;
				GCC_WARN_UNUSED_VARIABLE = YES;
				IPHONEOS_DEPLOYMENT_TARGET = 14.0;
				MTL_ENABLE_DEBUG_INFO = INCLUDE_SOURCE;
				MTL_FAST_MATH = YES;
				ONLY_ACTIVE_ARCH = YES;
				SDKROOT = iphoneos;
				SWIFT_ACTIVE_COMPILATION_CONDITIONS = DEBUG;
				SWIFT_OPTIMIZATION_LEVEL = "-Onone";
			};
			name = Debug;
		};
		80AEEAFB27F5D8F8004989BF /* Release */ = {
			isa = XCBuildConfiguration;
			buildSettings = {
				ALWAYS_SEARCH_USER_PATHS = NO;
				CLANG_ANALYZER_NONNULL = YES;
				CLANG_ANALYZER_NUMBER_OBJECT_CONVERSION = YES_AGGRESSIVE;
				CLANG_CXX_LANGUAGE_STANDARD = "gnu++17";
				CLANG_ENABLE_MODULES = YES;
				CLANG_ENABLE_OBJC_ARC = YES;
				CLANG_ENABLE_OBJC_WEAK = YES;
				CLANG_WARN_BLOCK_CAPTURE_AUTORELEASING = YES;
				CLANG_WARN_BOOL_CONVERSION = YES;
				CLANG_WARN_COMMA = YES;
				CLANG_WARN_CONSTANT_CONVERSION = YES;
				CLANG_WARN_DEPRECATED_OBJC_IMPLEMENTATIONS = YES;
				CLANG_WARN_DIRECT_OBJC_ISA_USAGE = YES_ERROR;
				CLANG_WARN_DOCUMENTATION_COMMENTS = YES;
				CLANG_WARN_EMPTY_BODY = YES;
				CLANG_WARN_ENUM_CONVERSION = YES;
				CLANG_WARN_INFINITE_RECURSION = YES;
				CLANG_WARN_INT_CONVERSION = YES;
				CLANG_WARN_NON_LITERAL_NULL_CONVERSION = YES;
				CLANG_WARN_OBJC_IMPLICIT_RETAIN_SELF = YES;
				CLANG_WARN_OBJC_LITERAL_CONVERSION = YES;
				CLANG_WARN_OBJC_ROOT_CLASS = YES_ERROR;
				CLANG_WARN_QUOTED_INCLUDE_IN_FRAMEWORK_HEADER = YES;
				CLANG_WARN_RANGE_LOOP_ANALYSIS = YES;
				CLANG_WARN_STRICT_PROTOTYPES = YES;
				CLANG_WARN_SUSPICIOUS_MOVE = YES;
				CLANG_WARN_UNGUARDED_AVAILABILITY = YES_AGGRESSIVE;
				CLANG_WARN_UNREACHABLE_CODE = YES;
				CLANG_WARN__DUPLICATE_METHOD_MATCH = YES;
				COPY_PHASE_STRIP = NO;
				DEBUG_INFORMATION_FORMAT = "dwarf-with-dsym";
				ENABLE_NS_ASSERTIONS = NO;
				ENABLE_STRICT_OBJC_MSGSEND = YES;
				GCC_C_LANGUAGE_STANDARD = gnu11;
				GCC_NO_COMMON_BLOCKS = YES;
				GCC_WARN_64_TO_32_BIT_CONVERSION = YES;
				GCC_WARN_ABOUT_RETURN_TYPE = YES_ERROR;
				GCC_WARN_UNDECLARED_SELECTOR = YES;
				GCC_WARN_UNINITIALIZED_AUTOS = YES_AGGRESSIVE;
				GCC_WARN_UNUSED_FUNCTION = YES;
				GCC_WARN_UNUSED_VARIABLE = YES;
				IPHONEOS_DEPLOYMENT_TARGET = 14.0;
				MTL_ENABLE_DEBUG_INFO = NO;
				MTL_FAST_MATH = YES;
				SDKROOT = iphoneos;
				SWIFT_COMPILATION_MODE = wholemodule;
				SWIFT_OPTIMIZATION_LEVEL = "-O";
				VALIDATE_PRODUCT = YES;
			};
			name = Release;
		};
		80AEEAFD27F5D8F8004989BF /* Debug */ = {
			isa = XCBuildConfiguration;
			buildSettings = {
				ASSETCATALOG_COMPILER_APPICON_NAME = AppIcon;
				ASSETCATALOG_COMPILER_GLOBAL_ACCENT_COLOR_NAME = AccentColor;
				CODE_SIGN_STYLE = Automatic;
				CURRENT_PROJECT_VERSION = 1;
				DEVELOPMENT_TEAM = 984ZRM32BG;
				GENERATE_INFOPLIST_FILE = YES;
				INFOPLIST_FILE = PollfishIronSourceAdapterExampleSwift/Info.plist;
				INFOPLIST_KEY_UIApplicationSupportsIndirectInputEvents = YES;
				INFOPLIST_KEY_UILaunchStoryboardName = LaunchScreen;
				INFOPLIST_KEY_UIMainStoryboardFile = Main;
				INFOPLIST_KEY_UISupportedInterfaceOrientations = UIInterfaceOrientationPortrait;
				INFOPLIST_KEY_UISupportedInterfaceOrientations_iPad = "UIInterfaceOrientationPortrait UIInterfaceOrientationPortraitUpsideDown UIInterfaceOrientationLandscapeLeft UIInterfaceOrientationLandscapeRight";
				INFOPLIST_KEY_UISupportedInterfaceOrientations_iPhone = "UIInterfaceOrientationPortrait UIInterfaceOrientationLandscapeLeft UIInterfaceOrientationLandscapeRight";
				LD_RUNPATH_SEARCH_PATHS = (
					"$(inherited)",
					"@executable_path/Frameworks",
				);
				MARKETING_VERSION = 1.0;
				PRODUCT_BUNDLE_IDENTIFIER = com.pollfish.mediation.PollfishIronSourceAdapterExampleSwift;
				PRODUCT_NAME = "$(TARGET_NAME)";
				SWIFT_EMIT_LOC_STRINGS = YES;
				SWIFT_OBJC_BRIDGING_HEADER = "${PODS_ROOT}/IronSourceSDK/IronSource/IronSource.xcframework/ios-arm64_armv7/IronSource.framework/Versions/A/Headers/IronSource.h";
				SWIFT_VERSION = 5.0;
				TARGETED_DEVICE_FAMILY = "1,2";
			};
			name = Debug;
		};
		80AEEAFE27F5D8F8004989BF /* Release */ = {
			isa = XCBuildConfiguration;
			buildSettings = {
				ASSETCATALOG_COMPILER_APPICON_NAME = AppIcon;
				ASSETCATALOG_COMPILER_GLOBAL_ACCENT_COLOR_NAME = AccentColor;
				CODE_SIGN_STYLE = Automatic;
				CURRENT_PROJECT_VERSION = 1;
				DEVELOPMENT_TEAM = 984ZRM32BG;
				GENERATE_INFOPLIST_FILE = YES;
				INFOPLIST_FILE = PollfishIronSourceAdapterExampleSwift/Info.plist;
				INFOPLIST_KEY_UIApplicationSupportsIndirectInputEvents = YES;
				INFOPLIST_KEY_UILaunchStoryboardName = LaunchScreen;
				INFOPLIST_KEY_UIMainStoryboardFile = Main;
				INFOPLIST_KEY_UISupportedInterfaceOrientations = UIInterfaceOrientationPortrait;
				INFOPLIST_KEY_UISupportedInterfaceOrientations_iPad = "UIInterfaceOrientationPortrait UIInterfaceOrientationPortraitUpsideDown UIInterfaceOrientationLandscapeLeft UIInterfaceOrientationLandscapeRight";
				INFOPLIST_KEY_UISupportedInterfaceOrientations_iPhone = "UIInterfaceOrientationPortrait UIInterfaceOrientationLandscapeLeft UIInterfaceOrientationLandscapeRight";
				LD_RUNPATH_SEARCH_PATHS = (
					"$(inherited)",
					"@executable_path/Frameworks",
				);
				MARKETING_VERSION = 1.0;
				PRODUCT_BUNDLE_IDENTIFIER = com.pollfish.mediation.PollfishIronSourceAdapterExampleSwift;
				PRODUCT_NAME = "$(TARGET_NAME)";
				SWIFT_EMIT_LOC_STRINGS = YES;
				SWIFT_OBJC_BRIDGING_HEADER = "${PODS_ROOT}/IronSourceSDK/IronSource/IronSource.xcframework/ios-arm64_armv7/IronSource.framework/Versions/A/Headers/IronSource.h";
				SWIFT_VERSION = 5.0;
				TARGETED_DEVICE_FAMILY = "1,2";
			};
			name = Release;
		};
/* End XCBuildConfiguration section */

/* Begin XCConfigurationList section */
		80AEEAE327F5D8F6004989BF /* Build configuration list for PBXProject "PollfishIronSourceAdapterExampleSwift" */ = {
			isa = XCConfigurationList;
			buildConfigurations = (
				80AEEAFA27F5D8F8004989BF /* Debug */,
				80AEEAFB27F5D8F8004989BF /* Release */,
			);
			defaultConfigurationIsVisible = 0;
			defaultConfigurationName = Release;
		};
		80AEEAFC27F5D8F8004989BF /* Build configuration list for PBXNativeTarget "PollfishIronSourceAdapterExampleSwift" */ = {
			isa = XCConfigurationList;
			buildConfigurations = (
				80AEEAFD27F5D8F8004989BF /* Debug */,
				80AEEAFE27F5D8F8004989BF /* Release */,
			);
			defaultConfigurationIsVisible = 0;
			defaultConfigurationName = Release;
		};
/* End XCConfigurationList section */
	};
	rootObject = 80AEEAE027F5D8F6004989BF /* Project object */;
}
